
Microsoft Visual Studio Solution File, Format Version 12.00
# Visual Studio Version 17
VisualStudioVersion = 17.12.35707.178 d17.12
MinimumVisualStudioVersion = 10.0.40219.1
Project("{FAE04EC0-301F-11D3-BF4B-00C04F79EFBC}") = "SmartFactory", "SmartFactory\SmartFactory.csproj", "{C825B0CA-887B-4DD3-9098-8964CCD845DF}"
EndProject
Global
	GlobalSection(SolutionConfigurationPlatforms) = preSolution
		Debug|Any CPU = Debug|Any CPU
		Release|Any CPU = Release|Any CPU
	EndGlobalSection
	GlobalSection(ProjectConfigurationPlatforms) = postSolution
		{C825B0CA-887B-4DD3-9098-8964CCD845DF}.Debug|Any CPU.ActiveCfg = Debug|Any CPU
		{C825B0CA-887B-4DD3-9098-8964CCD845DF}.Debug|Any CPU.Build.0 = Debug|Any CPU
		{C825B0CA-887B-4DD3-9098-8964CCD845DF}.Release|Any CPU.ActiveCfg = Release|Any CPU
		{C825B0CA-887B-4DD3-9098-8964CCD845DF}.Release|Any CPU.Build.0 = Release|Any CPU
	EndGlobalSection
	GlobalSection(SolutionProperties) = preSolution
		HideSolutionNode = FALSE
	EndGlobalSection
EndGlobal
